
Microsoft Visual Studio Solution File, Format Version 12.00
# Visual Studio Version 16
VisualStudioVersion = 16.0.30204.135
MinimumVisualStudioVersion = 10.0.40219.1
Project("{9A19103F-16F7-4668-BE54-9A1E7A4F7556}") = "Rocket.Chat.Net", "src\Rocket.Chat.Net\Rocket.Chat.Net.csproj", "{A078AEB9-5502-441C-B44A-FF4BBE007551}"
EndProject
Project("{9A19103F-16F7-4668-BE54-9A1E7A4F7556}") = "Rocket.Chat.Net.Bot", "src\Rocket.Chat.Net.Bot\Rocket.Chat.Net.Bot.csproj", "{A6FF1F57-0837-4F1A-9248-1CCE8477295E}"
EndProject
Global
	GlobalSection(SolutionConfigurationPlatforms) = preSolution
		Debug|Any CPU = Debug|Any CPU
		Debug|ARM = Debug|ARM
		Debug|x64 = Debug|x64
		Debug|x86 = Debug|x86
		Mono-4.5|Any CPU = Mono-4.5|Any CPU
		Mono-4.5|ARM = Mono-4.5|ARM
		Mono-4.5|x64 = Mono-4.5|x64
		Mono-4.5|x86 = Mono-4.5|x86
		Release|Any CPU = Release|Any CPU
		Release|ARM = Release|ARM
		Release|x64 = Release|x64
		Release|x86 = Release|x86
	EndGlobalSection
	GlobalSection(ProjectConfigurationPlatforms) = postSolution
		{A078AEB9-5502-441C-B44A-FF4BBE007551}.Debug|Any CPU.ActiveCfg = Debug|Any CPU
		{A078AEB9-5502-441C-B44A-FF4BBE007551}.Debug|Any CPU.Build.0 = Debug|Any CPU
		{A078AEB9-5502-441C-B44A-FF4BBE007551}.Debug|ARM.ActiveCfg = Debug|Any CPU
		{A078AEB9-5502-441C-B44A-FF4BBE007551}.Debug|ARM.Build.0 = Debug|Any CPU
		{A078AEB9-5502-441C-B44A-FF4BBE007551}.Debug|x64.ActiveCfg = Debug|Any CPU
		{A078AEB9-5502-441C-B44A-FF4BBE007551}.Debug|x64.Build.0 = Debug|Any CPU
		{A078AEB9-5502-441C-B44A-FF4BBE007551}.Debug|x86.ActiveCfg = Debug|Any CPU
		{A078AEB9-5502-441C-B44A-FF4BBE007551}.Debug|x86.Build.0 = Debug|Any CPU
		{A078AEB9-5502-441C-B44A-FF4BBE007551}.Mono-4.5|Any CPU.ActiveCfg = Release|Any CPU
		{A078AEB9-5502-441C-B44A-FF4BBE007551}.Mono-4.5|Any CPU.Build.0 = Release|Any CPU
		{A078AEB9-5502-441C-B44A-FF4BBE007551}.Mono-4.5|ARM.ActiveCfg = Release|Any CPU
		{A078AEB9-5502-441C-B44A-FF4BBE007551}.Mono-4.5|ARM.Build.0 = Release|Any CPU
		{A078AEB9-5502-441C-B44A-FF4BBE007551}.Mono-4.5|x64.ActiveCfg = Release|Any CPU
		{A078AEB9-5502-441C-B44A-FF4BBE007551}.Mono-4.5|x64.Build.0 = Release|Any CPU
		{A078AEB9-5502-441C-B44A-FF4BBE007551}.Mono-4.5|x86.ActiveCfg = Release|Any CPU
		{A078AEB9-5502-441C-B44A-FF4BBE007551}.Mono-4.5|x86.Build.0 = Release|Any CPU
		{A078AEB9-5502-441C-B44A-FF4BBE007551}.Release|Any CPU.ActiveCfg = Release|Any CPU
		{A078AEB9-5502-441C-B44A-FF4BBE007551}.Release|Any CPU.Build.0 = Release|Any CPU
		{A078AEB9-5502-441C-B44A-FF4BBE007551}.Release|ARM.ActiveCfg = Release|Any CPU
		{A078AEB9-5502-441C-B44A-FF4BBE007551}.Release|ARM.Build.0 = Release|Any CPU
		{A078AEB9-5502-441C-B44A-FF4BBE007551}.Release|x64.ActiveCfg = Release|Any CPU
		{A078AEB9-5502-441C-B44A-FF4BBE007551}.Release|x64.Build.0 = Release|Any CPU
		{A078AEB9-5502-441C-B44A-FF4BBE007551}.Release|x86.ActiveCfg = Release|Any CPU
		{A078AEB9-5502-441C-B44A-FF4BBE007551}.Release|x86.Build.0 = Release|Any CPU
		{A6FF1F57-0837-4F1A-9248-1CCE8477295E}.Debug|Any CPU.ActiveCfg = Debug|Any CPU
		{A6FF1F57-0837-4F1A-9248-1CCE8477295E}.Debug|Any CPU.Build.0 = Debug|Any CPU
		{A6FF1F57-0837-4F1A-9248-1CCE8477295E}.Debug|ARM.ActiveCfg = Debug|Any CPU
		{A6FF1F57-0837-4F1A-9248-1CCE8477295E}.Debug|ARM.Build.0 = Debug|Any CPU
		{A6FF1F57-0837-4F1A-9248-1CCE8477295E}.Debug|x64.ActiveCfg = Debug|Any CPU
		{A6FF1F57-0837-4F1A-9248-1CCE8477295E}.Debug|x64.Build.0 = Debug|Any CPU
		{A6FF1F57-0837-4F1A-9248-1CCE8477295E}.Debug|x86.ActiveCfg = Debug|Any CPU
		{A6FF1F57-0837-4F1A-9248-1CCE8477295E}.Debug|x86.Build.0 = Debug|Any CPU
		{A6FF1F57-0837-4F1A-9248-1CCE8477295E}.Mono-4.5|Any CPU.ActiveCfg = Release|Any CPU
		{A6FF1F57-0837-4F1A-9248-1CCE8477295E}.Mono-4.5|Any CPU.Build.0 = Release|Any CPU
		{A6FF1F57-0837-4F1A-9248-1CCE8477295E}.Mono-4.5|ARM.ActiveCfg = Release|Any CPU
		{A6FF1F57-0837-4F1A-9248-1CCE8477295E}.Mono-4.5|ARM.Build.0 = Release|Any CPU
		{A6FF1F57-0837-4F1A-9248-1CCE8477295E}.Mono-4.5|x64.ActiveCfg = Release|Any CPU
		{A6FF1F57-0837-4F1A-9248-1CCE8477295E}.Mono-4.5|x64.Build.0 = Release|Any CPU
		{A6FF1F57-0837-4F1A-9248-1CCE8477295E}.Mono-4.5|x86.ActiveCfg = Release|Any CPU
		{A6FF1F57-0837-4F1A-9248-1CCE8477295E}.Mono-4.5|x86.Build.0 = Release|Any CPU
		{A6FF1F57-0837-4F1A-9248-1CCE8477295E}.Release|Any CPU.ActiveCfg = Release|Any CPU
		{A6FF1F57-0837-4F1A-9248-1CCE8477295E}.Release|Any CPU.Build.0 = Release|Any CPU
		{A6FF1F57-0837-4F1A-9248-1CCE8477295E}.Release|ARM.ActiveCfg = Release|Any CPU
		{A6FF1F57-0837-4F1A-9248-1CCE8477295E}.Release|ARM.Build.0 = Release|Any CPU
		{A6FF1F57-0837-4F1A-9248-1CCE8477295E}.Release|x64.ActiveCfg = Release|Any CPU
		{A6FF1F57-0837-4F1A-9248-1CCE8477295E}.Release|x64.Build.0 = Release|Any CPU
		{A6FF1F57-0837-4F1A-9248-1CCE8477295E}.Release|x86.ActiveCfg = Release|Any CPU
		{A6FF1F57-0837-4F1A-9248-1CCE8477295E}.Release|x86.Build.0 = Release|Any CPU
	EndGlobalSection
	GlobalSection(SolutionProperties) = preSolution
		HideSolutionNode = FALSE
	EndGlobalSection
	GlobalSection(ExtensibilityGlobals) = postSolution
		SolutionGuid = {3364999F-EF7E-45B1-B07E-331215A03FA2}
	EndGlobalSection
EndGlobal
